{
    "version": 3,
    "terraform_version": "0.11.13",
    "serial": 7,
    "lineage": "3c9bbc22-d2be-580b-d472-ba65696f3998",
    "modules": [
        {
            "path": [
                "root"
            ],
            "outputs": {},
            "resources": {
                "azurerm_resource_group.main": {
                    "type": "azurerm_resource_group",
                    "depends_on": [],
                    "primary": {
                        "id": "/subscriptions/0911d9be-4eb1-4324-9588-ec7ac341aaf4/resourceGroups/interrupt-software",
                        "attributes": {
                            "id": "/subscriptions/0911d9be-4eb1-4324-9588-ec7ac341aaf4/resourceGroups/interrupt-software",
                            "location": "eastus",
                            "name": "interrupt-software",
                            "tags.%": "2",
                            "tags.environment": "Hashicorp Test",
                            "tags.owner": "gcastill0"
                        },
                        "meta": {},
                        "tainted": false
                    },
                    "deposed": [],
                    "provider": "provider.azurerm"
                },
                "azurerm_subnet.main": {
                    "type": "azurerm_subnet",
                    "depends_on": [
                        "azurerm_resource_group.main",
                        "azurerm_virtual_network.main"
                    ],
                    "primary": {
                        "id": "/subscriptions/0911d9be-4eb1-4324-9588-ec7ac341aaf4/resourceGroups/interrupt-software/providers/Microsoft.Network/virtualNetworks/interrupt-software-network/subnets/interrupt-software-subnet",
                        "attributes": {
                            "address_prefix": "10.0.2.0/24",
                            "delegation.#": "0",
                            "id": "/subscriptions/0911d9be-4eb1-4324-9588-ec7ac341aaf4/resourceGroups/interrupt-software/providers/Microsoft.Network/virtualNetworks/interrupt-software-network/subnets/interrupt-software-subnet",
                            "ip_configurations.#": "0",
                            "name": "interrupt-software-subnet",
                            "network_security_group_id": "",
                            "resource_group_name": "interrupt-software",
                            "route_table_id": "",
                            "service_endpoints.#": "0",
                            "virtual_network_name": "interrupt-software-network"
                        },
                        "meta": {},
                        "tainted": false
                    },
                    "deposed": [],
                    "provider": "provider.azurerm"
                },
                "azurerm_virtual_network.main": {
                    "type": "azurerm_virtual_network",
                    "depends_on": [
                        "azurerm_resource_group.main"
                    ],
                    "primary": {
                        "id": "/subscriptions/0911d9be-4eb1-4324-9588-ec7ac341aaf4/resourceGroups/interrupt-software/providers/Microsoft.Network/virtualNetworks/interrupt-software-network",
                        "attributes": {
                            "address_space.#": "1",
                            "address_space.0": "10.0.0.0/16",
                            "ddos_protection_plan.#": "0",
                            "dns_servers.#": "0",
                            "id": "/subscriptions/0911d9be-4eb1-4324-9588-ec7ac341aaf4/resourceGroups/interrupt-software/providers/Microsoft.Network/virtualNetworks/interrupt-software-network",
                            "location": "eastus",
                            "name": "interrupt-software-network",
                            "resource_group_name": "interrupt-software",
                            "subnet.#": "1",
                            "subnet.3636451424.address_prefix": "10.0.2.0/24",
                            "subnet.3636451424.id": "/subscriptions/0911d9be-4eb1-4324-9588-ec7ac341aaf4/resourceGroups/interrupt-software/providers/Microsoft.Network/virtualNetworks/interrupt-software-network/subnets/interrupt-software-subnet",
                            "subnet.3636451424.name": "interrupt-software-subnet",
                            "subnet.3636451424.security_group": "",
                            "tags.%": "2",
                            "tags.environment": "Hashicorp Test",
                            "tags.owner": "gcastill0"
                        },
                        "meta": {},
                        "tainted": false
                    },
                    "deposed": [],
                    "provider": "provider.azurerm"
                }
            },
            "depends_on": []
        }
    ]
}
