{
    "version": 3,
    "terraform_version": "0.11.13",
    "serial": 4,
    "lineage": "739aa306-33e6-4d9e-041b-c6aa59a27e89",
    "modules": [
        {
            "path": [
                "root"
            ],
            "outputs": {},
            "resources": {
                "azurerm_network_interface.main": {
                    "type": "azurerm_network_interface",
                    "depends_on": [
                        "azurerm_public_ip.main",
                        "azurerm_resource_group.main",
                        "azurerm_subnet.main"
                    ],
                    "primary": {
                        "id": "/subscriptions/0911d9be-4eb1-4324-9588-ec7ac341aaf4/resourceGroups/interrupt-software/providers/Microsoft.Network/networkInterfaces/interrupt-software-vm-nic",
                        "attributes": {
                            "applied_dns_servers.#": "0",
                            "dns_servers.#": "0",
                            "enable_accelerated_networking": "false",
                            "enable_ip_forwarding": "false",
                            "id": "/subscriptions/0911d9be-4eb1-4324-9588-ec7ac341aaf4/resourceGroups/interrupt-software/providers/Microsoft.Network/networkInterfaces/interrupt-software-vm-nic",
                            "internal_dns_name_label": "",
                            "internal_fqdn": "",
                            "ip_configuration.#": "1",
                            "ip_configuration.0.application_gateway_backend_address_pools_ids.#": "0",
                            "ip_configuration.0.application_security_group_ids.#": "0",
                            "ip_configuration.0.load_balancer_backend_address_pools_ids.#": "0",
                            "ip_configuration.0.load_balancer_inbound_nat_rules_ids.#": "0",
                            "ip_configuration.0.name": "configuration",
                            "ip_configuration.0.primary": "true",
                            "ip_configuration.0.private_ip_address": "",
                            "ip_configuration.0.private_ip_address_allocation": "dynamic",
                            "ip_configuration.0.private_ip_address_version": "IPv4",
                            "ip_configuration.0.public_ip_address_id": "/subscriptions/0911d9be-4eb1-4324-9588-ec7ac341aaf4/resourceGroups/interrupt-software/providers/Microsoft.Network/publicIPAddresses/interrupt-software-vm-public-ip",
                            "ip_configuration.0.subnet_id": "/subscriptions/0911d9be-4eb1-4324-9588-ec7ac341aaf4/resourceGroups/interrupt-software/providers/Microsoft.Network/virtualNetworks/interrupt-software-network/subnets/interrupt-software-subnet",
                            "location": "eastus",
                            "mac_address": "00-0D-3A-1E-2F-7F",
                            "name": "interrupt-software-vm-nic",
                            "network_security_group_id": "",
                            "private_ip_address": "10.0.2.4",
                            "private_ip_addresses.#": "1",
                            "private_ip_addresses.0": "10.0.2.4",
                            "resource_group_name": "interrupt-software",
                            "tags.%": "0",
                            "virtual_machine_id": "/subscriptions/0911d9be-4eb1-4324-9588-ec7ac341aaf4/resourceGroups/interrupt-software/providers/Microsoft.Compute/virtualMachines/interrupt-software-vm"
                        },
                        "meta": {},
                        "tainted": false
                    },
                    "deposed": [],
                    "provider": "provider.azurerm"
                },
                "azurerm_public_ip.main": {
                    "type": "azurerm_public_ip",
                    "depends_on": [
                        "azurerm_resource_group.main"
                    ],
                    "primary": {
                        "id": "/subscriptions/0911d9be-4eb1-4324-9588-ec7ac341aaf4/resourceGroups/interrupt-software/providers/Microsoft.Network/publicIPAddresses/interrupt-software-vm-public-ip",
                        "attributes": {
                            "allocation_method": "Static",
                            "id": "/subscriptions/0911d9be-4eb1-4324-9588-ec7ac341aaf4/resourceGroups/interrupt-software/providers/Microsoft.Network/publicIPAddresses/interrupt-software-vm-public-ip",
                            "idle_timeout_in_minutes": "4",
                            "ip_address": "104.211.3.52",
                            "ip_version": "IPv4",
                            "location": "eastus",
                            "name": "interrupt-software-vm-public-ip",
                            "public_ip_address_allocation": "Static",
                            "resource_group_name": "interrupt-software",
                            "sku": "Basic",
                            "tags.%": "2",
                            "tags.environment": "Hashicorp Test",
                            "tags.owner": "gcastill0",
                            "zones.#": "0"
                        },
                        "meta": {},
                        "tainted": false
                    },
                    "deposed": [],
                    "provider": "provider.azurerm"
                },
                "azurerm_resource_group.main": {
                    "type": "azurerm_resource_group",
                    "depends_on": [],
                    "primary": {
                        "id": "/subscriptions/0911d9be-4eb1-4324-9588-ec7ac341aaf4/resourceGroups/interrupt-software",
                        "attributes": {
                            "id": "/subscriptions/0911d9be-4eb1-4324-9588-ec7ac341aaf4/resourceGroups/interrupt-software",
                            "location": "eastus",
                            "name": "interrupt-software",
                            "tags.%": "2",
                            "tags.environment": "Hashicorp Test",
                            "tags.owner": "gcastill0"
                        },
                        "meta": {},
                        "tainted": false
                    },
                    "deposed": [],
                    "provider": "provider.azurerm"
                },
                "azurerm_subnet.main": {
                    "type": "azurerm_subnet",
                    "depends_on": [
                        "azurerm_resource_group.main",
                        "azurerm_virtual_network.main"
                    ],
                    "primary": {
                        "id": "/subscriptions/0911d9be-4eb1-4324-9588-ec7ac341aaf4/resourceGroups/interrupt-software/providers/Microsoft.Network/virtualNetworks/interrupt-software-network/subnets/interrupt-software-subnet",
                        "attributes": {
                            "address_prefix": "10.0.2.0/24",
                            "delegation.#": "0",
                            "id": "/subscriptions/0911d9be-4eb1-4324-9588-ec7ac341aaf4/resourceGroups/interrupt-software/providers/Microsoft.Network/virtualNetworks/interrupt-software-network/subnets/interrupt-software-subnet",
                            "ip_configurations.#": "1",
                            "ip_configurations.1570805140": "/subscriptions/0911d9be-4eb1-4324-9588-ec7ac341aaf4/resourceGroups/interrupt-software/providers/Microsoft.Network/networkInterfaces/interrupt-software-vm-nic/ipConfigurations/configuration",
                            "name": "interrupt-software-subnet",
                            "network_security_group_id": "",
                            "resource_group_name": "interrupt-software",
                            "route_table_id": "",
                            "service_endpoints.#": "0",
                            "virtual_network_name": "interrupt-software-network"
                        },
                        "meta": {},
                        "tainted": false
                    },
                    "deposed": [],
                    "provider": "provider.azurerm"
                },
                "azurerm_virtual_network.main": {
                    "type": "azurerm_virtual_network",
                    "depends_on": [
                        "azurerm_resource_group.main"
                    ],
                    "primary": {
                        "id": "/subscriptions/0911d9be-4eb1-4324-9588-ec7ac341aaf4/resourceGroups/interrupt-software/providers/Microsoft.Network/virtualNetworks/interrupt-software-network",
                        "attributes": {
                            "address_space.#": "1",
                            "address_space.0": "10.0.0.0/16",
                            "ddos_protection_plan.#": "0",
                            "dns_servers.#": "0",
                            "id": "/subscriptions/0911d9be-4eb1-4324-9588-ec7ac341aaf4/resourceGroups/interrupt-software/providers/Microsoft.Network/virtualNetworks/interrupt-software-network",
                            "location": "eastus",
                            "name": "interrupt-software-network",
                            "resource_group_name": "interrupt-software",
                            "subnet.#": "1",
                            "subnet.3636451424.address_prefix": "10.0.2.0/24",
                            "subnet.3636451424.id": "/subscriptions/0911d9be-4eb1-4324-9588-ec7ac341aaf4/resourceGroups/interrupt-software/providers/Microsoft.Network/virtualNetworks/interrupt-software-network/subnets/interrupt-software-subnet",
                            "subnet.3636451424.name": "interrupt-software-subnet",
                            "subnet.3636451424.security_group": "",
                            "tags.%": "2",
                            "tags.environment": "Hashicorp Test",
                            "tags.owner": "gcastill0"
                        },
                        "meta": {},
                        "tainted": false
                    },
                    "deposed": [],
                    "provider": "provider.azurerm"
                }
            },
            "depends_on": []
        }
    ]
}
